
Microsoft Visual Studio Solution File, Format Version 12.00
# Visual Studio 14
VisualStudioVersion = 14.0.24720.0
MinimumVisualStudioVersion = 10.0.40219.1
Project("{FAE04EC0-301F-11D3-BF4B-00C04F79EFBC}") = "ShoeShop", "ShoeShop\ShoeShop.csproj", "{AD050511-0131-4D28-B4F5-D88CC2ADACB4}"
EndProject
Project("{FAE04EC0-301F-11D3-BF4B-00C04F79EFBC}") = "ShoeShopTests", "ShoeShopTests\ShoeShopTests.csproj", "{08ED54E6-AF80-4EC5-A81C-AD933E71569D}"
EndProject
Global
	GlobalSection(SolutionConfigurationPlatforms) = preSolution
		Debug|Any CPU = Debug|Any CPU
		Release|Any CPU = Release|Any CPU
	EndGlobalSection
	GlobalSection(ProjectConfigurationPlatforms) = postSolution
		{AD050511-0131-4D28-B4F5-D88CC2ADACB4}.Debug|Any CPU.ActiveCfg = Debug|Any CPU
		{AD050511-0131-4D28-B4F5-D88CC2ADACB4}.Debug|Any CPU.Build.0 = Debug|Any CPU
		{AD050511-0131-4D28-B4F5-D88CC2ADACB4}.Release|Any CPU.ActiveCfg = Release|Any CPU
		{AD050511-0131-4D28-B4F5-D88CC2ADACB4}.Release|Any CPU.Build.0 = Release|Any CPU
		{08ED54E6-AF80-4EC5-A81C-AD933E71569D}.Debug|Any CPU.ActiveCfg = Debug|Any CPU
		{08ED54E6-AF80-4EC5-A81C-AD933E71569D}.Debug|Any CPU.Build.0 = Debug|Any CPU
		{08ED54E6-AF80-4EC5-A81C-AD933E71569D}.Release|Any CPU.ActiveCfg = Release|Any CPU
		{08ED54E6-AF80-4EC5-A81C-AD933E71569D}.Release|Any CPU.Build.0 = Release|Any CPU
	EndGlobalSection
	GlobalSection(SolutionProperties) = preSolution
		HideSolutionNode = FALSE
	EndGlobalSection
EndGlobal
